{
  "requires": true,
  "lockfileVersion": 1,
  "dependencies": {
    "@types/dat.gui": {
      "version": "0.7.0",
      "resolved": "https://registry.npmjs.org/@types/dat.gui/-/dat.gui-0.7.0.tgz",
      "integrity": "sha512-hB/eCzMBbOkLYAwx8V5FFtaCx40MBBOv9MgDL+VO/WY/TwwBqR5KC/0NDjntSvozvbDqbA3L8uIapVss3WQnsg=="
    }
  }
}
